
Microsoft Visual Studio Solution File, Format Version 12.00
# Visual Studio Version 17
VisualStudioVersion = 17.10.35122.118
MinimumVisualStudioVersion = 10.0.40219.1
Project("{9A19103F-16F7-4668-BE54-9A1E7A4F7556}") = "JupiterNeoServiceClient", "JupiterNeoServiceClient.csproj", "{BEA03F2C-9C89-4849-BAB4-785948FEDC8E}"
EndProject
Project("{9A19103F-16F7-4668-BE54-9A1E7A4F7556}") = "JpCommon", "..\JpCommon\JpCommon.csproj", "{DA00B33B-251A-4493-8D00-5A423C559C8B}"
EndProject
Project("{FAE04EC0-301F-11D3-BF4B-00C04F79EFBC}") = "ClientConsole", "..\ClientConsole\ClientConsole.csproj", "{6AB92CAF-7591-4F33-848A-A58160FADA31}"
EndProject
Project("{FAE04EC0-301F-11D3-BF4B-00C04F79EFBC}") = "Installer", "..\Installer\Installer.csproj", "{41BEA0F5-2CE6-40C1-B6C1-4CACE8A6A3BD}"
EndProject
Project("{FAE04EC0-301F-11D3-BF4B-00C04F79EFBC}") = "JupiterNeoUpdateService", "..\JupiterNeoUpdateService\JupiterNeoUpdateService.csproj", "{AF0E628A-2A4E-4A22-B726-F0E8EEF631AB}"
EndProject
Project("{FAE04EC0-301F-11D3-BF4B-00C04F79EFBC}") = "UpdaterConsole", "..\UpdaterConsole\UpdaterConsole.csproj", "{BEB96910-8A56-4C18-ABCA-EF3166682655}"
EndProject
Global
	GlobalSection(SolutionConfigurationPlatforms) = preSolution
		Debug|Any CPU = Debug|Any CPU
		Release|Any CPU = Release|Any CPU
	EndGlobalSection
	GlobalSection(ProjectConfigurationPlatforms) = postSolution
		{BEA03F2C-9C89-4849-BAB4-785948FEDC8E}.Debug|Any CPU.ActiveCfg = Debug|Any CPU
		{BEA03F2C-9C89-4849-BAB4-785948FEDC8E}.Debug|Any CPU.Build.0 = Debug|Any CPU
		{BEA03F2C-9C89-4849-BAB4-785948FEDC8E}.Release|Any CPU.ActiveCfg = Release|Any CPU
		{BEA03F2C-9C89-4849-BAB4-785948FEDC8E}.Release|Any CPU.Build.0 = Release|Any CPU
		{DA00B33B-251A-4493-8D00-5A423C559C8B}.Debug|Any CPU.ActiveCfg = Debug|Any CPU
		{DA00B33B-251A-4493-8D00-5A423C559C8B}.Debug|Any CPU.Build.0 = Debug|Any CPU
		{DA00B33B-251A-4493-8D00-5A423C559C8B}.Release|Any CPU.ActiveCfg = Release|Any CPU
		{DA00B33B-251A-4493-8D00-5A423C559C8B}.Release|Any CPU.Build.0 = Release|Any CPU
		{6AB92CAF-7591-4F33-848A-A58160FADA31}.Debug|Any CPU.ActiveCfg = Debug|Any CPU
		{6AB92CAF-7591-4F33-848A-A58160FADA31}.Debug|Any CPU.Build.0 = Debug|Any CPU
		{6AB92CAF-7591-4F33-848A-A58160FADA31}.Release|Any CPU.ActiveCfg = Release|Any CPU
		{6AB92CAF-7591-4F33-848A-A58160FADA31}.Release|Any CPU.Build.0 = Release|Any CPU
		{41BEA0F5-2CE6-40C1-B6C1-4CACE8A6A3BD}.Debug|Any CPU.ActiveCfg = Debug|Any CPU
		{41BEA0F5-2CE6-40C1-B6C1-4CACE8A6A3BD}.Debug|Any CPU.Build.0 = Debug|Any CPU
		{41BEA0F5-2CE6-40C1-B6C1-4CACE8A6A3BD}.Release|Any CPU.ActiveCfg = Release|Any CPU
		{41BEA0F5-2CE6-40C1-B6C1-4CACE8A6A3BD}.Release|Any CPU.Build.0 = Release|Any CPU
		{AF0E628A-2A4E-4A22-B726-F0E8EEF631AB}.Debug|Any CPU.ActiveCfg = Debug|Any CPU
		{AF0E628A-2A4E-4A22-B726-F0E8EEF631AB}.Debug|Any CPU.Build.0 = Debug|Any CPU
		{AF0E628A-2A4E-4A22-B726-F0E8EEF631AB}.Release|Any CPU.ActiveCfg = Release|Any CPU
		{AF0E628A-2A4E-4A22-B726-F0E8EEF631AB}.Release|Any CPU.Build.0 = Release|Any CPU
		{BEB96910-8A56-4C18-ABCA-EF3166682655}.Debug|Any CPU.ActiveCfg = Debug|Any CPU
		{BEB96910-8A56-4C18-ABCA-EF3166682655}.Debug|Any CPU.Build.0 = Debug|Any CPU
		{BEB96910-8A56-4C18-ABCA-EF3166682655}.Release|Any CPU.ActiveCfg = Release|Any CPU
		{BEB96910-8A56-4C18-ABCA-EF3166682655}.Release|Any CPU.Build.0 = Release|Any CPU
	EndGlobalSection
	GlobalSection(SolutionProperties) = preSolution
		HideSolutionNode = FALSE
	EndGlobalSection
	GlobalSection(ExtensibilityGlobals) = postSolution
		SolutionGuid = {33F7264D-6900-4FAE-AE39-E2FD8A2D8942}
	EndGlobalSection
EndGlobal
